
Microsoft Visual Studio Solution File, Format Version 12.00
# Visual Studio 14
VisualStudioVersion = 14.0.23107.0
MinimumVisualStudioVersion = 10.0.40219.1
Project("{E24C65DC-7377-472B-9ABA-BC803B73C61A}") = "Website", "http://localhost:36123", "{3D10EDC4-D7A0-4912-84F1-853B6E694CE5}"
	ProjectSection(WebsiteProperties) = preProject
		UseIISExpress = "true"
		TargetFrameworkMoniker = ".NETFramework,Version%3Dv4.5.2"
		ProjectReferences = "{492c9e12-9f38-462b-9c42-602bdb51c53d}|MiniBlog.Contracts.dll;{78a67265-5015-4bc5-a737-56e32f72877f}|MiniBlog.Azure.dll;{95637681-4f48-4e2f-82ce-c631f9394eef}|MiniBlog.Services.dll;{21b2968a-ff0a-435a-b502-3cf2840f23c9}|MiniBlog.Search.dll;"
		Debug.AspNetCompiler.VirtualPath = "/localhost_36123"
		Debug.AspNetCompiler.PhysicalPath = "Website\"
		Debug.AspNetCompiler.TargetPath = "PrecompiledWeb\localhost_36123\"
		Debug.AspNetCompiler.Updateable = "true"
		Debug.AspNetCompiler.ForceOverwrite = "true"
		Debug.AspNetCompiler.FixedNames = "false"
		Debug.AspNetCompiler.Debug = "True"
		Release.AspNetCompiler.VirtualPath = "/localhost_36123"
		Release.AspNetCompiler.PhysicalPath = "Website\"
		Release.AspNetCompiler.TargetPath = "PrecompiledWeb\localhost_36123\"
		Release.AspNetCompiler.Updateable = "true"
		Release.AspNetCompiler.ForceOverwrite = "true"
		Release.AspNetCompiler.FixedNames = "false"
		Release.AspNetCompiler.Debug = "False"
		SlnRelativePath = "Website\"
		DefaultWebSiteLanguage = "Visual C#"
	EndProjectSection
EndProject
Project("{2150E333-8FDC-42A3-9474-1A3956D46DE8}") = "Solution Items", "Solution Items", "{C6A4C914-CC97-4804-ACA1-B8A0E61CE333}"
	ProjectSection(SolutionItems) = preProject
		.gitignore = .gitignore
		LICENSE.md = LICENSE.md
		README.md = README.md
	EndProjectSection
EndProject
Project("{FAE04EC0-301F-11D3-BF4B-00C04F79EFBC}") = "MiniBlog.Contracts", "MiniBlog.Contracts\MiniBlog.Contracts.csproj", "{492C9E12-9F38-462B-9C42-602BDB51C53D}"
EndProject
Project("{FAE04EC0-301F-11D3-BF4B-00C04F79EFBC}") = "MiniBlog.Azure", "MiniBlog.Azure\MiniBlog.Azure.csproj", "{78A67265-5015-4BC5-A737-56E32F72877F}"
EndProject
Project("{FAE04EC0-301F-11D3-BF4B-00C04F79EFBC}") = "MiniBlog.PostSync", "MiniBlog.PostSync\MiniBlog.PostSync.csproj", "{131507B8-1CBF-41AF-A34A-E3235C555736}"
EndProject
Project("{FAE04EC0-301F-11D3-BF4B-00C04F79EFBC}") = "MiniBlog.Services", "MiniBlog.Services\MiniBlog.Services.csproj", "{95637681-4F48-4E2F-82CE-C631F9394EEF}"
EndProject
Project("{FAE04EC0-301F-11D3-BF4B-00C04F79EFBC}") = "MiniBlog.Search", "MiniBlog.Search\MiniBlog.Search.csproj", "{21B2968A-FF0A-435A-B502-3CF2840F23C9}"
EndProject
Project("{FAE04EC0-301F-11D3-BF4B-00C04F79EFBC}") = "MiniBlog.WebJobs.Common", "MiniBlog.WebJobs.Common\MiniBlog.WebJobs.Common.csproj", "{D1559FB1-124E-4975-87C1-AB2469C59971}"
EndProject
Project("{FAE04EC0-301F-11D3-BF4B-00C04F79EFBC}") = "MiniBlog.PostIndexer", "MiniBlog.PostIndexer\MiniBlog.PostIndexer.csproj", "{E4AAAA92-F1B7-4E8A-8A96-7AF6EF3E457C}"
EndProject
Project("{FAE04EC0-301F-11D3-BF4B-00C04F79EFBC}") = "MiniBlog.BlogIndexer", "MiniBlog.BlogIndexer\MiniBlog.BlogIndexer.csproj", "{8CFF7ED7-8A2C-4517-BFAC-1ACEFC8FFFCD}"
EndProject
Project("{FAE04EC0-301F-11D3-BF4B-00C04F79EFBC}") = "MiniBlog.Backup", "MiniBlog.Backup\MiniBlog.Backup.csproj", "{F4CEE9E3-DC27-4696-B29B-2363B02FD1C4}"
EndProject
Project("{FAE04EC0-301F-11D3-BF4B-00C04F79EFBC}") = "MiniBlog.ImageOptimizer", "MiniBlog.ImageOptimizer\MiniBlog.ImageOptimizer.csproj", "{58D343C4-A5E7-42D4-BA0E-B166D93BA43A}"
EndProject
Global
	GlobalSection(SolutionConfigurationPlatforms) = preSolution
		Debug|Any CPU = Debug|Any CPU
		Release|Any CPU = Release|Any CPU
	EndGlobalSection
	GlobalSection(ProjectConfigurationPlatforms) = postSolution
		{3D10EDC4-D7A0-4912-84F1-853B6E694CE5}.Debug|Any CPU.ActiveCfg = Debug|Any CPU
		{3D10EDC4-D7A0-4912-84F1-853B6E694CE5}.Debug|Any CPU.Build.0 = Debug|Any CPU
		{3D10EDC4-D7A0-4912-84F1-853B6E694CE5}.Release|Any CPU.ActiveCfg = Debug|Any CPU
		{3D10EDC4-D7A0-4912-84F1-853B6E694CE5}.Release|Any CPU.Build.0 = Debug|Any CPU
		{492C9E12-9F38-462B-9C42-602BDB51C53D}.Debug|Any CPU.ActiveCfg = Debug|Any CPU
		{492C9E12-9F38-462B-9C42-602BDB51C53D}.Debug|Any CPU.Build.0 = Debug|Any CPU
		{492C9E12-9F38-462B-9C42-602BDB51C53D}.Release|Any CPU.ActiveCfg = Release|Any CPU
		{492C9E12-9F38-462B-9C42-602BDB51C53D}.Release|Any CPU.Build.0 = Release|Any CPU
		{78A67265-5015-4BC5-A737-56E32F72877F}.Debug|Any CPU.ActiveCfg = Debug|Any CPU
		{78A67265-5015-4BC5-A737-56E32F72877F}.Debug|Any CPU.Build.0 = Debug|Any CPU
		{78A67265-5015-4BC5-A737-56E32F72877F}.Release|Any CPU.ActiveCfg = Release|Any CPU
		{78A67265-5015-4BC5-A737-56E32F72877F}.Release|Any CPU.Build.0 = Release|Any CPU
		{131507B8-1CBF-41AF-A34A-E3235C555736}.Debug|Any CPU.ActiveCfg = Debug|Any CPU
		{131507B8-1CBF-41AF-A34A-E3235C555736}.Debug|Any CPU.Build.0 = Debug|Any CPU
		{131507B8-1CBF-41AF-A34A-E3235C555736}.Release|Any CPU.ActiveCfg = Release|Any CPU
		{131507B8-1CBF-41AF-A34A-E3235C555736}.Release|Any CPU.Build.0 = Release|Any CPU
		{95637681-4F48-4E2F-82CE-C631F9394EEF}.Debug|Any CPU.ActiveCfg = Debug|Any CPU
		{95637681-4F48-4E2F-82CE-C631F9394EEF}.Debug|Any CPU.Build.0 = Debug|Any CPU
		{95637681-4F48-4E2F-82CE-C631F9394EEF}.Release|Any CPU.ActiveCfg = Release|Any CPU
		{95637681-4F48-4E2F-82CE-C631F9394EEF}.Release|Any CPU.Build.0 = Release|Any CPU
		{21B2968A-FF0A-435A-B502-3CF2840F23C9}.Debug|Any CPU.ActiveCfg = Debug|Any CPU
		{21B2968A-FF0A-435A-B502-3CF2840F23C9}.Debug|Any CPU.Build.0 = Debug|Any CPU
		{21B2968A-FF0A-435A-B502-3CF2840F23C9}.Release|Any CPU.ActiveCfg = Release|Any CPU
		{21B2968A-FF0A-435A-B502-3CF2840F23C9}.Release|Any CPU.Build.0 = Release|Any CPU
		{D1559FB1-124E-4975-87C1-AB2469C59971}.Debug|Any CPU.ActiveCfg = Debug|Any CPU
		{D1559FB1-124E-4975-87C1-AB2469C59971}.Debug|Any CPU.Build.0 = Debug|Any CPU
		{D1559FB1-124E-4975-87C1-AB2469C59971}.Release|Any CPU.ActiveCfg = Release|Any CPU
		{D1559FB1-124E-4975-87C1-AB2469C59971}.Release|Any CPU.Build.0 = Release|Any CPU
		{E4AAAA92-F1B7-4E8A-8A96-7AF6EF3E457C}.Debug|Any CPU.ActiveCfg = Debug|Any CPU
		{E4AAAA92-F1B7-4E8A-8A96-7AF6EF3E457C}.Debug|Any CPU.Build.0 = Debug|Any CPU
		{E4AAAA92-F1B7-4E8A-8A96-7AF6EF3E457C}.Release|Any CPU.ActiveCfg = Release|Any CPU
		{E4AAAA92-F1B7-4E8A-8A96-7AF6EF3E457C}.Release|Any CPU.Build.0 = Release|Any CPU
		{8CFF7ED7-8A2C-4517-BFAC-1ACEFC8FFFCD}.Debug|Any CPU.ActiveCfg = Debug|Any CPU
		{8CFF7ED7-8A2C-4517-BFAC-1ACEFC8FFFCD}.Debug|Any CPU.Build.0 = Debug|Any CPU
		{8CFF7ED7-8A2C-4517-BFAC-1ACEFC8FFFCD}.Release|Any CPU.ActiveCfg = Release|Any CPU
		{8CFF7ED7-8A2C-4517-BFAC-1ACEFC8FFFCD}.Release|Any CPU.Build.0 = Release|Any CPU
		{F4CEE9E3-DC27-4696-B29B-2363B02FD1C4}.Debug|Any CPU.ActiveCfg = Debug|Any CPU
		{F4CEE9E3-DC27-4696-B29B-2363B02FD1C4}.Debug|Any CPU.Build.0 = Debug|Any CPU
		{F4CEE9E3-DC27-4696-B29B-2363B02FD1C4}.Release|Any CPU.ActiveCfg = Release|Any CPU
		{F4CEE9E3-DC27-4696-B29B-2363B02FD1C4}.Release|Any CPU.Build.0 = Release|Any CPU
		{58D343C4-A5E7-42D4-BA0E-B166D93BA43A}.Debug|Any CPU.ActiveCfg = Debug|Any CPU
		{58D343C4-A5E7-42D4-BA0E-B166D93BA43A}.Debug|Any CPU.Build.0 = Debug|Any CPU
		{58D343C4-A5E7-42D4-BA0E-B166D93BA43A}.Release|Any CPU.ActiveCfg = Release|Any CPU
		{58D343C4-A5E7-42D4-BA0E-B166D93BA43A}.Release|Any CPU.Build.0 = Release|Any CPU
	EndGlobalSection
	GlobalSection(SolutionProperties) = preSolution
		HideSolutionNode = FALSE
	EndGlobalSection
	GlobalSection(ExtensibilityGlobals) = postSolution
		EnterpriseLibraryConfigurationToolBinariesPathV6 = packages\EnterpriseLibrary.TransientFaultHandling.6.0.1304.0\lib\portable-net45+win+wp8
	EndGlobalSection
EndGlobal
